// !$*UTF8*$!
{
	archiveVersion = 1;
	classes = {
	};
	objectVersion = 46;
	objects = {
/* Begin PBXBuildFile section */
		0207DA581B56EA530066E2B4 /* Images.xcassets in Resources */ = {isa = PBXBuildFile; fileRef = 0207DA571B56EA530066E2B4 /* Images.xcassets */; };
		1D3623260D0F684500981E51 /* AppDelegate.m in Sources */ = {isa = PBXBuildFile; fileRef = 1D3623250D0F684500981E51 /* AppDelegate.m */; };
		1D60589B0D05DD56006BFB54 /* main.m in Sources */ = {isa = PBXBuildFile; fileRef = 29B97316FDCFA39411CA2CEA /* main.m */; };
		301BF552109A68D80062928A /* libCordova.a in Frameworks */ = {isa = PBXBuildFile; fileRef = 301BF535109A57CC0062928A /* libCordova.a */; };
		302D95F114D2391D003F00A1 /* MainViewController.m in Sources */ = {isa = PBXBuildFile; fileRef = 302D95EF14D2391D003F00A1 /* MainViewController.m */; };
		302D95F214D2391D003F00A1 /* MainViewController.xib in Resources */ = {isa = PBXBuildFile; fileRef = 302D95F014D2391D003F00A1 /* MainViewController.xib */; };
		3047A5121AB8059700498E2A /* build-debug.xcconfig in Resources */ = {isa = PBXBuildFile; fileRef = 3047A50F1AB8059700498E2A /* build-debug.xcconfig */; };
		3047A5131AB8059700498E2A /* build-release.xcconfig in Resources */ = {isa = PBXBuildFile; fileRef = 3047A5101AB8059700498E2A /* build-release.xcconfig */; };
		3047A5141AB8059700498E2A /* build.xcconfig in Resources */ = {isa = PBXBuildFile; fileRef = 3047A5111AB8059700498E2A /* build.xcconfig */; };
		6D2C10EA14D84445A25C0434 /* CDVBattery.m in Sources */ = {isa = PBXBuildFile; fileRef = A17B62D02D334EEFAD7286A7 /* CDVBattery.m */; };
		CF58897F2A6C489DAD4EC5E5 /* UIImage+CropScaleOrientation.m in Sources */ = {isa = PBXBuildFile; fileRef = 3CB5AE419182483EA7D06242 /* UIImage+CropScaleOrientation.m */; };
		1E93D24F202A46A4A5248AAA /* CDVCamera.m in Sources */ = {isa = PBXBuildFile; fileRef = 94818C53AD8B44709D3ECD2F /* CDVCamera.m */; };
		4B57CD60A8EE415CBE901B40 /* CDVJpegHeaderWriter.m in Sources */ = {isa = PBXBuildFile; fileRef = 39A334DF2F654B5E816CA876 /* CDVJpegHeaderWriter.m */; };
		C85C8CC2B6C542E482B85D48 /* ImageIO.framework in Frameworks */ = {isa = PBXBuildFile; fileRef = 65277F0B1A184C41B976D4DA /* ImageIO.framework */; settings = {ATTRIBUTES = (Weak, ); }; };
		43840977C5AF4B92A9A6DB38 /* CoreLocation.framework in Frameworks */ = {isa = PBXBuildFile; fileRef = B8543A17063546899B74D940 /* CoreLocation.framework */; };
		20096CED189E41DAAE54E12D /* AVFoundation.framework in Frameworks */ = {isa = PBXBuildFile; fileRef = 5E36A1B6AB1D447A8340EE4B /* AVFoundation.framework */; };
		9448A66597CE4709A0C85C23 /* CDVLogger.m in Sources */ = {isa = PBXBuildFile; fileRef = 3780EBD3A15A4804B9105129 /* CDVLogger.m */; };
		4A57EDF6D1714B6FBC98C4F2 /* CDVContacts.m in Sources */ = {isa = PBXBuildFile; fileRef = CCED268712CF48588A57618A /* CDVContacts.m */; };
		3D58D37E6666479FBDEFE530 /* CDVContact.m in Sources */ = {isa = PBXBuildFile; fileRef = 143340B8813D4607B55B6B37 /* CDVContact.m */; };
		704B3E20C78A40DE92363237 /* AddressBook.framework in Frameworks */ = {isa = PBXBuildFile; fileRef = 6587A12227194F7CA501F552 /* AddressBook.framework */; settings = {ATTRIBUTES = (Weak, ); }; };
		97787C286270469F8CB154B4 /* AddressBookUI.framework in Frameworks */ = {isa = PBXBuildFile; fileRef = E3D990B988BB4A80A139D4A3 /* AddressBookUI.framework */; settings = {ATTRIBUTES = (Weak, ); }; };
		868377FB0DD94C46AB0019A2 /* CDVDevice.m in Sources */ = {isa = PBXBuildFile; fileRef = B57343A27DE14717BA35062F /* CDVDevice.m */; };
		0DC044ED9C784F069F6E8535 /* CDVAccelerometer.m in Sources */ = {isa = PBXBuildFile; fileRef = 1D62162C60D24D0BB25DEC07 /* CDVAccelerometer.m */; };
		146D57556D8A4F3BA89C54FF /* CoreMotion.framework in Frameworks */ = {isa = PBXBuildFile; fileRef = 0978CDBBD5D044E4BD7B46E2 /* CoreMotion.framework */; };
		727BA874BC70460BB0DB006F /* CDVCompass.m in Sources */ = {isa = PBXBuildFile; fileRef = 174C390D696743E584BBA2A0 /* CDVCompass.m */; };
		2287B4C3829345E98FB7661D /* CDVNotification.m in Sources */ = {isa = PBXBuildFile; fileRef = 5DF10B321705474DB15EC34C /* CDVNotification.m */; };
		568100FCDCDF4E488BDD4B7C /* CDVNotification.bundle in Resources */ = {isa = PBXBuildFile; fileRef = 0876BEA170EC44FE83E2FCD3 /* CDVNotification.bundle */; };
		6985F22257C14FEE907467B5 /* AudioToolbox.framework in Frameworks */ = {isa = PBXBuildFile; fileRef = AC5E6F183FA943AE874A78A7 /* AudioToolbox.framework */; settings = {ATTRIBUTES = (Weak, ); }; };
		A4AE51405E64481284AF7F76 /* CDVFile.m in Sources */ = {isa = PBXBuildFile; fileRef = F6507B5FFC584D0A89B14E05 /* CDVFile.m */; };
		D40EFA8CE41D452CA86EDC37 /* CDVLocalFilesystem.m in Sources */ = {isa = PBXBuildFile; fileRef = 09AA97EFC8424CF99890F54F /* CDVLocalFilesystem.m */; };
		6F6C7C6E7C6A4AFE93034852 /* CDVAssetLibraryFilesystem.m in Sources */ = {isa = PBXBuildFile; fileRef = B312314EC3784D489E08CC36 /* CDVAssetLibraryFilesystem.m */; };
		DEEF41B1506D4789BC848BB3 /* CDVFileTransfer.m in Sources */ = {isa = PBXBuildFile; fileRef = A8FFBBD6721549519B942C45 /* CDVFileTransfer.m */; };
		DB61D6CF96E644F5873F419C /* CDVLocation.m in Sources */ = {isa = PBXBuildFile; fileRef = BCBC7BC3EACE431AA57F54D8 /* CDVLocation.m */; };
		DF38940D06D24352B2977076 /* CDVGlobalization.m in Sources */ = {isa = PBXBuildFile; fileRef = 1E4E9A3BECD14DAD910313D7 /* CDVGlobalization.m */; };
		377A40A91EF9416798DAEDBC /* CDVInAppBrowser.m in Sources */ = {isa = PBXBuildFile; fileRef = FA068E71C4EA41F5A13A5609 /* CDVInAppBrowser.m */; };
		CD72D8B8250B443ABFFBFCA4 /* CDVSound.m in Sources */ = {isa = PBXBuildFile; fileRef = 3166ADC5745C41C0BC5315AA /* CDVSound.m */; };
		552BD29ADE5F4325A3632B1B /* CDVCapture.m in Sources */ = {isa = PBXBuildFile; fileRef = 5F46B5EC39484D8EB0C41D21 /* CDVCapture.m */; };
		63F91270AAA64724B14DF307 /* CDVCapture.bundle in Resources */ = {isa = PBXBuildFile; fileRef = FDF24019354842F0BB5F5B65 /* CDVCapture.bundle */; };
		2A44D01D3B454CC094CBD67A /* CDVConnection.m in Sources */ = {isa = PBXBuildFile; fileRef = AF4554E99A3B4006B7BFF6C5 /* CDVConnection.m */; };
		B9249E5CA3EE4A96B9233116 /* CDVReachability.m in Sources */ = {isa = PBXBuildFile; fileRef = 0631D6E6125B4D0DBB42F642 /* CDVReachability.m */; };
		B56D25ED5A974E32B270E865 /* SystemConfiguration.framework in Frameworks */ = {isa = PBXBuildFile; fileRef = ED926150ADF74D90BA406BAA /* SystemConfiguration.framework */; settings = {ATTRIBUTES = (Weak, ); }; };
		E2B3CD3A6FB940A8B942205C /* CoreTelephony.framework in Frameworks */ = {isa = PBXBuildFile; fileRef = 4316A47040694EA3AFBE96A0 /* CoreTelephony.framework */; };
		EC158418AD314129BE96AE05 /* CDVSplashScreen.m in Sources */ = {isa = PBXBuildFile; fileRef = E0263A6643C245F2B45CB3DE /* CDVSplashScreen.m */; };
		4A8DA88F35444697951D71B2 /* CDVViewController+SplashScreen.m in Sources */ = {isa = PBXBuildFile; fileRef = 01A8334179074D5AAD0E7F7E /* CDVViewController+SplashScreen.m */; };
		7BD60A6794614B89805FB22A /* CDVStatusBar.m in Sources */ = {isa = PBXBuildFile; fileRef = 9D1D2901BDD0468F8DF0CC3F /* CDVStatusBar.m */; };
		85831E0694014C6AA995E36D /* CDVVibration.m in Sources */ = {isa = PBXBuildFile; fileRef = 20A85977A4A947A9B4B60B97 /* CDVVibration.m */; };
		CA5B14B763784D45BE89FDD4 /* NSString+URLEncoding.m in Sources */ = {isa = PBXBuildFile; fileRef = B17DA8F8628440DCB54F9092 /* NSString+URLEncoding.m */; };
		C85FBCBD624B45139234A554 /* SocialSharing.m in Sources */ = {isa = PBXBuildFile; fileRef = 15BF2A5B8857439E84D79052 /* SocialSharing.m */; };
		8ABD5E6E36244526A4CF7118 /* Social.framework in Frameworks */ = {isa = PBXBuildFile; fileRef = D1AA578883364DC89FF01181 /* Social.framework */; settings = {ATTRIBUTES = (Weak, ); }; };
		BB3952A48DBF4F14BDBDC5A6 /* MessageUI.framework in Frameworks */ = {isa = PBXBuildFile; fileRef = C007A4B4F9D345ACBDD53CF0 /* MessageUI.framework */; settings = {ATTRIBUTES = (Weak, ); }; };
/* End PBXBuildFile section */

/* Begin PBXContainerItemProxy section */
		301BF534109A57CC0062928A /* PBXContainerItemProxy */ = {
			isa = PBXContainerItemProxy;
			containerPortal = 301BF52D109A57CC0062928A /* CordovaLib.xcodeproj */;
			proxyType = 2;
			remoteGlobalIDString = D2AAC07E0554694100DB518D;
			remoteInfo = CordovaLib;
		};
		301BF550109A68C00062928A /* PBXContainerItemProxy */ = {
			isa = PBXContainerItemProxy;
			containerPortal = 301BF52D109A57CC0062928A /* CordovaLib.xcodeproj */;
			proxyType = 1;
			remoteGlobalIDString = D2AAC07D0554694100DB518D;
			remoteInfo = CordovaLib;
		};
/* End PBXContainerItemProxy section */

/* Begin PBXFileReference section */
		0207DA571B56EA530066E2B4 /* Images.xcassets */ = {isa = PBXFileReference; lastKnownFileType = folder.assetcatalog; name = Images.xcassets; path = "Hello World/Images.xcassets"; sourceTree = SOURCE_ROOT; };
		1D3623240D0F684500981E51 /* AppDelegate.h */ = {isa = PBXFileReference; fileEncoding = 4; lastKnownFileType = sourcecode.c.h; path = AppDelegate.h; sourceTree = "<group>"; };
		1D3623250D0F684500981E51 /* AppDelegate.m */ = {isa = PBXFileReference; fileEncoding = 4; lastKnownFileType = sourcecode.c.objc; path = AppDelegate.m; sourceTree = "<group>"; };
		1D6058910D05DD3D006BFB54 /* Hello World.app */ = {isa = PBXFileReference; explicitFileType = wrapper.application; includeInIndex = 0; path = "Hello World.app"; sourceTree = BUILT_PRODUCTS_DIR; };
		29B97316FDCFA39411CA2CEA /* main.m */ = {isa = PBXFileReference; fileEncoding = 4; lastKnownFileType = sourcecode.c.objc; path = main.m; sourceTree = "<group>"; };
		301BF52D109A57CC0062928A /* CordovaLib.xcodeproj */ = {isa = PBXFileReference; lastKnownFileType = "wrapper.pb-project"; name = CordovaLib.xcodeproj; path = CordovaLib/CordovaLib.xcodeproj; sourceTree = "<group>"; };
		301BF56E109A69640062928A /* www */ = {isa = PBXFileReference; lastKnownFileType = folder; path = www; sourceTree = SOURCE_ROOT; };
		302D95EE14D2391D003F00A1 /* MainViewController.h */ = {isa = PBXFileReference; fileEncoding = 4; lastKnownFileType = sourcecode.c.h; path = MainViewController.h; sourceTree = "<group>"; };
		302D95EF14D2391D003F00A1 /* MainViewController.m */ = {isa = PBXFileReference; fileEncoding = 4; lastKnownFileType = sourcecode.c.objc; path = MainViewController.m; sourceTree = "<group>"; };
		302D95F014D2391D003F00A1 /* MainViewController.xib */ = {isa = PBXFileReference; fileEncoding = 4; lastKnownFileType = file.xib; path = MainViewController.xib; sourceTree = "<group>"; };
		3047A50F1AB8059700498E2A /* build-debug.xcconfig */ = {isa = PBXFileReference; fileEncoding = 4; lastKnownFileType = text.xcconfig; name = "build-debug.xcconfig"; path = cordova/build-debug.xcconfig; sourceTree = SOURCE_ROOT; };
		3047A5101AB8059700498E2A /* build-release.xcconfig */ = {isa = PBXFileReference; fileEncoding = 4; lastKnownFileType = text.xcconfig; name = "build-release.xcconfig"; path = cordova/build-release.xcconfig; sourceTree = SOURCE_ROOT; };
		3047A5111AB8059700498E2A /* build.xcconfig */ = {isa = PBXFileReference; fileEncoding = 4; lastKnownFileType = text.xcconfig; name = build.xcconfig; path = cordova/build.xcconfig; sourceTree = SOURCE_ROOT; };
		32CA4F630368D1EE00C91783 /* Hello World-Prefix.pch */ = {isa = PBXFileReference; fileEncoding = 4; lastKnownFileType = sourcecode.c.h; path = "Hello World-Prefix.pch"; sourceTree = "<group>"; };
		8D1107310486CEB800E47090 /* Hello World-Info.plist */ = {isa = PBXFileReference; fileEncoding = 4; lastKnownFileType = text.plist.xml; name = "Hello World-Info.plist"; path = "Hello World/Hello World-Info.plist"; plistStructureDefinitionIdentifier = "com.apple.xcode.plist.structure-definition.iphone.info-plist"; sourceTree = SOURCE_ROOT; };
		EB87FDF31871DA8E0020F90C /* www */ = {isa = PBXFileReference; lastKnownFileType = folder; name = www; path = ../../www; sourceTree = "<group>"; };
		EB87FDF41871DAF40020F90C /* config.xml */ = {isa = PBXFileReference; lastKnownFileType = text.xml; name = config.xml; path = ../../config.xml; sourceTree = "<group>"; };
		F840E1F0165FE0F500CFE078 /* config.xml */ = {isa = PBXFileReference; lastKnownFileType = text.xml; name = config.xml; path = "Hello World/config.xml"; sourceTree = "<group>"; };
		ED33DF2A687741AEAF9F8254 /* Bridging-Header.h */ = {isa = PBXFileReference; fileEncoding = 4; lastKnownFileType = sourcecode.c.h; name = "Bridging-Header.h"; path = "Bridging-Header.h"; sourceTree = "<group>"; };
		A17B62D02D334EEFAD7286A7 /* CDVBattery.m */ = {isa = PBXFileReference; name = "CDVBattery.m"; path = "cordova-plugin-battery-status/CDVBattery.m"; sourceTree = "<group>"; fileEncoding = 4; lastKnownFileType = sourcecode.c.objc; explicitFileType = undefined; includeInIndex = 0; };
		7050F1D51E6E4936A0CDA25A /* CDVBattery.h */ = {isa = PBXFileReference; name = "CDVBattery.h"; path = "cordova-plugin-battery-status/CDVBattery.h"; sourceTree = "<group>"; fileEncoding = 4; lastKnownFileType = sourcecode.c.h; explicitFileType = undefined; includeInIndex = 0; };
		3CB5AE419182483EA7D06242 /* UIImage+CropScaleOrientation.m */ = {isa = PBXFileReference; name = "UIImage+CropScaleOrientation.m"; path = "cordova-plugin-camera/UIImage+CropScaleOrientation.m"; sourceTree = "<group>"; fileEncoding = 4; lastKnownFileType = sourcecode.c.objc; explicitFileType = undefined; includeInIndex = 0; };
		94818C53AD8B44709D3ECD2F /* CDVCamera.m */ = {isa = PBXFileReference; name = "CDVCamera.m"; path = "cordova-plugin-camera/CDVCamera.m"; sourceTree = "<group>"; fileEncoding = 4; lastKnownFileType = sourcecode.c.objc; explicitFileType = undefined; includeInIndex = 0; };
		39A334DF2F654B5E816CA876 /* CDVJpegHeaderWriter.m */ = {isa = PBXFileReference; name = "CDVJpegHeaderWriter.m"; path = "cordova-plugin-camera/CDVJpegHeaderWriter.m"; sourceTree = "<group>"; fileEncoding = 4; lastKnownFileType = sourcecode.c.objc; explicitFileType = undefined; includeInIndex = 0; };
		660D0E7EF6E4488EBAC94711 /* UIImage+CropScaleOrientation.h */ = {isa = PBXFileReference; name = "UIImage+CropScaleOrientation.h"; path = "cordova-plugin-camera/UIImage+CropScaleOrientation.h"; sourceTree = "<group>"; fileEncoding = 4; lastKnownFileType = sourcecode.c.h; explicitFileType = undefined; includeInIndex = 0; };
		F836E884E7BB42BFAA72FBD4 /* CDVCamera.h */ = {isa = PBXFileReference; name = "CDVCamera.h"; path = "cordova-plugin-camera/CDVCamera.h"; sourceTree = "<group>"; fileEncoding = 4; lastKnownFileType = sourcecode.c.h; explicitFileType = undefined; includeInIndex = 0; };
		EAA4283C8AFD4EAAB99235C9 /* CDVJpegHeaderWriter.h */ = {isa = PBXFileReference; name = "CDVJpegHeaderWriter.h"; path = "cordova-plugin-camera/CDVJpegHeaderWriter.h"; sourceTree = "<group>"; fileEncoding = 4; lastKnownFileType = sourcecode.c.h; explicitFileType = undefined; includeInIndex = 0; };
		031A230F0C67459EBA06E94C /* CDVExif.h */ = {isa = PBXFileReference; name = "CDVExif.h"; path = "cordova-plugin-camera/CDVExif.h"; sourceTree = "<group>"; fileEncoding = 4; lastKnownFileType = sourcecode.c.h; explicitFileType = undefined; includeInIndex = 0; };
		65277F0B1A184C41B976D4DA /* ImageIO.framework */ = {isa = PBXFileReference; name = "ImageIO.framework"; path = "System/Library/Frameworks/ImageIO.framework"; sourceTree = SDKROOT; fileEncoding = undefined; lastKnownFileType = wrapper.framework; explicitFileType = undefined; includeInIndex = 0; };
		B8543A17063546899B74D940 /* CoreLocation.framework */ = {isa = PBXFileReference; name = "CoreLocation.framework"; path = "System/Library/Frameworks/CoreLocation.framework"; sourceTree = SDKROOT; fileEncoding = undefined; lastKnownFileType = wrapper.framework; explicitFileType = undefined; includeInIndex = 0; };
		5E36A1B6AB1D447A8340EE4B /* AVFoundation.framework */ = {isa = PBXFileReference; name = "AVFoundation.framework"; path = "System/Library/Frameworks/AVFoundation.framework"; sourceTree = SDKROOT; fileEncoding = undefined; lastKnownFileType = wrapper.framework; explicitFileType = undefined; includeInIndex = 0; };
		3780EBD3A15A4804B9105129 /* CDVLogger.m */ = {isa = PBXFileReference; name = "CDVLogger.m"; path = "cordova-plugin-console/CDVLogger.m"; sourceTree = "<group>"; fileEncoding = 4; lastKnownFileType = sourcecode.c.objc; explicitFileType = undefined; includeInIndex = 0; };
		2403EF320D0E4C15AF09C79E /* CDVLogger.h */ = {isa = PBXFileReference; name = "CDVLogger.h"; path = "cordova-plugin-console/CDVLogger.h"; sourceTree = "<group>"; fileEncoding = 4; lastKnownFileType = sourcecode.c.h; explicitFileType = undefined; includeInIndex = 0; };
		CCED268712CF48588A57618A /* CDVContacts.m */ = {isa = PBXFileReference; name = "CDVContacts.m"; path = "cordova-plugin-contacts/CDVContacts.m"; sourceTree = "<group>"; fileEncoding = 4; lastKnownFileType = sourcecode.c.objc; explicitFileType = undefined; includeInIndex = 0; };
		143340B8813D4607B55B6B37 /* CDVContact.m */ = {isa = PBXFileReference; name = "CDVContact.m"; path = "cordova-plugin-contacts/CDVContact.m"; sourceTree = "<group>"; fileEncoding = 4; lastKnownFileType = sourcecode.c.objc; explicitFileType = undefined; includeInIndex = 0; };
		C70B0891FD834EEDB0E90952 /* CDVContacts.h */ = {isa = PBXFileReference; name = "CDVContacts.h"; path = "cordova-plugin-contacts/CDVContacts.h"; sourceTree = "<group>"; fileEncoding = 4; lastKnownFileType = sourcecode.c.h; explicitFileType = undefined; includeInIndex = 0; };
		8F26E66C89124B7087C52ADE /* CDVContact.h */ = {isa = PBXFileReference; name = "CDVContact.h"; path = "cordova-plugin-contacts/CDVContact.h"; sourceTree = "<group>"; fileEncoding = 4; lastKnownFileType = sourcecode.c.h; explicitFileType = undefined; includeInIndex = 0; };
		6587A12227194F7CA501F552 /* AddressBook.framework */ = {isa = PBXFileReference; name = "AddressBook.framework"; path = "System/Library/Frameworks/AddressBook.framework"; sourceTree = SDKROOT; fileEncoding = undefined; lastKnownFileType = wrapper.framework; explicitFileType = undefined; includeInIndex = 0; };
		E3D990B988BB4A80A139D4A3 /* AddressBookUI.framework */ = {isa = PBXFileReference; name = "AddressBookUI.framework"; path = "System/Library/Frameworks/AddressBookUI.framework"; sourceTree = SDKROOT; fileEncoding = undefined; lastKnownFileType = wrapper.framework; explicitFileType = undefined; includeInIndex = 0; };
		B57343A27DE14717BA35062F /* CDVDevice.m */ = {isa = PBXFileReference; name = "CDVDevice.m"; path = "cordova-plugin-device/CDVDevice.m"; sourceTree = "<group>"; fileEncoding = 4; lastKnownFileType = sourcecode.c.objc; explicitFileType = undefined; includeInIndex = 0; };
		F6B730072AFE4E63B61A727C /* CDVDevice.h */ = {isa = PBXFileReference; name = "CDVDevice.h"; path = "cordova-plugin-device/CDVDevice.h"; sourceTree = "<group>"; fileEncoding = 4; lastKnownFileType = sourcecode.c.h; explicitFileType = undefined; includeInIndex = 0; };
		1D62162C60D24D0BB25DEC07 /* CDVAccelerometer.m */ = {isa = PBXFileReference; name = "CDVAccelerometer.m"; path = "cordova-plugin-device-motion/CDVAccelerometer.m"; sourceTree = "<group>"; fileEncoding = 4; lastKnownFileType = sourcecode.c.objc; explicitFileType = undefined; includeInIndex = 0; };
		7E91BCD92BF84CCCBCDDC205 /* CDVAccelerometer.h */ = {isa = PBXFileReference; name = "CDVAccelerometer.h"; path = "cordova-plugin-device-motion/CDVAccelerometer.h"; sourceTree = "<group>"; fileEncoding = 4; lastKnownFileType = sourcecode.c.h; explicitFileType = undefined; includeInIndex = 0; };
		0978CDBBD5D044E4BD7B46E2 /* CoreMotion.framework */ = {isa = PBXFileReference; name = "CoreMotion.framework"; path = "System/Library/Frameworks/CoreMotion.framework"; sourceTree = SDKROOT; fileEncoding = undefined; lastKnownFileType = wrapper.framework; explicitFileType = undefined; includeInIndex = 0; };
		174C390D696743E584BBA2A0 /* CDVCompass.m */ = {isa = PBXFileReference; name = "CDVCompass.m"; path = "cordova-plugin-device-orientation/CDVCompass.m"; sourceTree = "<group>"; fileEncoding = 4; lastKnownFileType = sourcecode.c.objc; explicitFileType = undefined; includeInIndex = 0; };
		DDB8245F269049CBA77D3DDD /* CDVCompass.h */ = {isa = PBXFileReference; name = "CDVCompass.h"; path = "cordova-plugin-device-orientation/CDVCompass.h"; sourceTree = "<group>"; fileEncoding = 4; lastKnownFileType = sourcecode.c.h; explicitFileType = undefined; includeInIndex = 0; };
		5DF10B321705474DB15EC34C /* CDVNotification.m */ = {isa = PBXFileReference; name = "CDVNotification.m"; path = "cordova-plugin-dialogs/CDVNotification.m"; sourceTree = "<group>"; fileEncoding = 4; lastKnownFileType = sourcecode.c.objc; explicitFileType = undefined; includeInIndex = 0; };
		5EA5E0BEAD744BF38BA2AA7A /* CDVNotification.h */ = {isa = PBXFileReference; name = "CDVNotification.h"; path = "cordova-plugin-dialogs/CDVNotification.h"; sourceTree = "<group>"; fileEncoding = 4; lastKnownFileType = sourcecode.c.h; explicitFileType = undefined; includeInIndex = 0; };
		0876BEA170EC44FE83E2FCD3 /* CDVNotification.bundle */ = {isa = PBXFileReference; name = "CDVNotification.bundle"; path = "CDVNotification.bundle"; sourceTree = "<group>"; fileEncoding = undefined; lastKnownFileType = wrapper.plug-in; explicitFileType = undefined; includeInIndex = 0; };
		AC5E6F183FA943AE874A78A7 /* AudioToolbox.framework */ = {isa = PBXFileReference; name = "AudioToolbox.framework"; path = "System/Library/Frameworks/AudioToolbox.framework"; sourceTree = SDKROOT; fileEncoding = undefined; lastKnownFileType = wrapper.framework; explicitFileType = undefined; includeInIndex = 0; };
		F6507B5FFC584D0A89B14E05 /* CDVFile.m */ = {isa = PBXFileReference; name = "CDVFile.m"; path = "cordova-plugin-file/CDVFile.m"; sourceTree = "<group>"; fileEncoding = 4; lastKnownFileType = sourcecode.c.objc; explicitFileType = undefined; includeInIndex = 0; };
		09AA97EFC8424CF99890F54F /* CDVLocalFilesystem.m */ = {isa = PBXFileReference; name = "CDVLocalFilesystem.m"; path = "cordova-plugin-file/CDVLocalFilesystem.m"; sourceTree = "<group>"; fileEncoding = 4; lastKnownFileType = sourcecode.c.objc; explicitFileType = undefined; includeInIndex = 0; };
		B312314EC3784D489E08CC36 /* CDVAssetLibraryFilesystem.m */ = {isa = PBXFileReference; name = "CDVAssetLibraryFilesystem.m"; path = "cordova-plugin-file/CDVAssetLibraryFilesystem.m"; sourceTree = "<group>"; fileEncoding = 4; lastKnownFileType = sourcecode.c.objc; explicitFileType = undefined; includeInIndex = 0; };
		D88CCB2296B54A27A1C40B06 /* CDVFile.h */ = {isa = PBXFileReference; name = "CDVFile.h"; path = "cordova-plugin-file/CDVFile.h"; sourceTree = "<group>"; fileEncoding = 4; lastKnownFileType = sourcecode.c.h; explicitFileType = undefined; includeInIndex = 0; };
		2ED4A5E107B44D58A8808E81 /* CDVLocalFilesystem.h */ = {isa = PBXFileReference; name = "CDVLocalFilesystem.h"; path = "cordova-plugin-file/CDVLocalFilesystem.h"; sourceTree = "<group>"; fileEncoding = 4; lastKnownFileType = sourcecode.c.h; explicitFileType = undefined; includeInIndex = 0; };
		CF1F4BE7E3974CDDA4D7FE0D /* CDVAssetLibraryFilesystem.h */ = {isa = PBXFileReference; name = "CDVAssetLibraryFilesystem.h"; path = "cordova-plugin-file/CDVAssetLibraryFilesystem.h"; sourceTree = "<group>"; fileEncoding = 4; lastKnownFileType = sourcecode.c.h; explicitFileType = undefined; includeInIndex = 0; };
		A8FFBBD6721549519B942C45 /* CDVFileTransfer.m */ = {isa = PBXFileReference; name = "CDVFileTransfer.m"; path = "cordova-plugin-file-transfer/CDVFileTransfer.m"; sourceTree = "<group>"; fileEncoding = 4; lastKnownFileType = sourcecode.c.objc; explicitFileType = undefined; includeInIndex = 0; };
		02FF7A45F2524CD3B6C48C56 /* CDVFileTransfer.h */ = {isa = PBXFileReference; name = "CDVFileTransfer.h"; path = "cordova-plugin-file-transfer/CDVFileTransfer.h"; sourceTree = "<group>"; fileEncoding = 4; lastKnownFileType = sourcecode.c.h; explicitFileType = undefined; includeInIndex = 0; };
		BCBC7BC3EACE431AA57F54D8 /* CDVLocation.m */ = {isa = PBXFileReference; name = "CDVLocation.m"; path = "cordova-plugin-geolocation/CDVLocation.m"; sourceTree = "<group>"; fileEncoding = 4; lastKnownFileType = sourcecode.c.objc; explicitFileType = undefined; includeInIndex = 0; };
		48216822468B453D97B00202 /* CDVLocation.h */ = {isa = PBXFileReference; name = "CDVLocation.h"; path = "cordova-plugin-geolocation/CDVLocation.h"; sourceTree = "<group>"; fileEncoding = 4; lastKnownFileType = sourcecode.c.h; explicitFileType = undefined; includeInIndex = 0; };
		1E4E9A3BECD14DAD910313D7 /* CDVGlobalization.m */ = {isa = PBXFileReference; name = "CDVGlobalization.m"; path = "cordova-plugin-globalization/CDVGlobalization.m"; sourceTree = "<group>"; fileEncoding = 4; lastKnownFileType = sourcecode.c.objc; explicitFileType = undefined; includeInIndex = 0; };
		0647F689D3A54469B0A047EA /* CDVGlobalization.h */ = {isa = PBXFileReference; name = "CDVGlobalization.h"; path = "cordova-plugin-globalization/CDVGlobalization.h"; sourceTree = "<group>"; fileEncoding = 4; lastKnownFileType = sourcecode.c.h; explicitFileType = undefined; includeInIndex = 0; };
		FA068E71C4EA41F5A13A5609 /* CDVInAppBrowser.m */ = {isa = PBXFileReference; name = "CDVInAppBrowser.m"; path = "cordova-plugin-inappbrowser/CDVInAppBrowser.m"; sourceTree = "<group>"; fileEncoding = 4; lastKnownFileType = sourcecode.c.objc; explicitFileType = undefined; includeInIndex = 0; };
		0BDAAEEAC7044AB3BB1B5205 /* CDVInAppBrowser.h */ = {isa = PBXFileReference; name = "CDVInAppBrowser.h"; path = "cordova-plugin-inappbrowser/CDVInAppBrowser.h"; sourceTree = "<group>"; fileEncoding = 4; lastKnownFileType = sourcecode.c.h; explicitFileType = undefined; includeInIndex = 0; };
		3166ADC5745C41C0BC5315AA /* CDVSound.m */ = {isa = PBXFileReference; name = "CDVSound.m"; path = "cordova-plugin-media/CDVSound.m"; sourceTree = "<group>"; fileEncoding = 4; lastKnownFileType = sourcecode.c.objc; explicitFileType = undefined; includeInIndex = 0; };
		AE87E1EFD2B24EC4BC185325 /* CDVSound.h */ = {isa = PBXFileReference; name = "CDVSound.h"; path = "cordova-plugin-media/CDVSound.h"; sourceTree = "<group>"; fileEncoding = 4; lastKnownFileType = sourcecode.c.h; explicitFileType = undefined; includeInIndex = 0; };
		5F46B5EC39484D8EB0C41D21 /* CDVCapture.m */ = {isa = PBXFileReference; name = "CDVCapture.m"; path = "cordova-plugin-media-capture/CDVCapture.m"; sourceTree = "<group>"; fileEncoding = 4; lastKnownFileType = sourcecode.c.objc; explicitFileType = undefined; includeInIndex = 0; };
		23FFC0023B994711A0888966 /* CDVCapture.h */ = {isa = PBXFileReference; name = "CDVCapture.h"; path = "cordova-plugin-media-capture/CDVCapture.h"; sourceTree = "<group>"; fileEncoding = 4; lastKnownFileType = sourcecode.c.h; explicitFileType = undefined; includeInIndex = 0; };
		FDF24019354842F0BB5F5B65 /* CDVCapture.bundle */ = {isa = PBXFileReference; name = "CDVCapture.bundle"; path = "CDVCapture.bundle"; sourceTree = "<group>"; fileEncoding = undefined; lastKnownFileType = wrapper.plug-in; explicitFileType = undefined; includeInIndex = 0; };
		AF4554E99A3B4006B7BFF6C5 /* CDVConnection.m */ = {isa = PBXFileReference; name = "CDVConnection.m"; path = "cordova-plugin-network-information/CDVConnection.m"; sourceTree = "<group>"; fileEncoding = 4; lastKnownFileType = sourcecode.c.objc; explicitFileType = undefined; includeInIndex = 0; };
		0631D6E6125B4D0DBB42F642 /* CDVReachability.m */ = {isa = PBXFileReference; name = "CDVReachability.m"; path = "cordova-plugin-network-information/CDVReachability.m"; sourceTree = "<group>"; fileEncoding = 4; lastKnownFileType = sourcecode.c.objc; explicitFileType = undefined; includeInIndex = 0; };
		D22020862A7B4B569AE6BC6C /* CDVConnection.h */ = {isa = PBXFileReference; name = "CDVConnection.h"; path = "cordova-plugin-network-information/CDVConnection.h"; sourceTree = "<group>"; fileEncoding = 4; lastKnownFileType = sourcecode.c.h; explicitFileType = undefined; includeInIndex = 0; };
		C374DDA3384C45279BDECEB3 /* CDVReachability.h */ = {isa = PBXFileReference; name = "CDVReachability.h"; path = "cordova-plugin-network-information/CDVReachability.h"; sourceTree = "<group>"; fileEncoding = 4; lastKnownFileType = sourcecode.c.h; explicitFileType = undefined; includeInIndex = 0; };
		ED926150ADF74D90BA406BAA /* SystemConfiguration.framework */ = {isa = PBXFileReference; name = "SystemConfiguration.framework"; path = "System/Library/Frameworks/SystemConfiguration.framework"; sourceTree = SDKROOT; fileEncoding = undefined; lastKnownFileType = wrapper.framework; explicitFileType = undefined; includeInIndex = 0; };
		4316A47040694EA3AFBE96A0 /* CoreTelephony.framework */ = {isa = PBXFileReference; name = "CoreTelephony.framework"; path = "System/Library/Frameworks/CoreTelephony.framework"; sourceTree = SDKROOT; fileEncoding = undefined; lastKnownFileType = wrapper.framework; explicitFileType = undefined; includeInIndex = 0; };
		E0263A6643C245F2B45CB3DE /* CDVSplashScreen.m */ = {isa = PBXFileReference; name = "CDVSplashScreen.m"; path = "cordova-plugin-splashscreen/CDVSplashScreen.m"; sourceTree = "<group>"; fileEncoding = 4; lastKnownFileType = sourcecode.c.objc; explicitFileType = undefined; includeInIndex = 0; };
		01A8334179074D5AAD0E7F7E /* CDVViewController+SplashScreen.m */ = {isa = PBXFileReference; name = "CDVViewController+SplashScreen.m"; path = "cordova-plugin-splashscreen/CDVViewController+SplashScreen.m"; sourceTree = "<group>"; fileEncoding = 4; lastKnownFileType = sourcecode.c.objc; explicitFileType = undefined; includeInIndex = 0; };
		444CB55AFE9A4CDE81FDA7A2 /* CDVSplashScreen.h */ = {isa = PBXFileReference; name = "CDVSplashScreen.h"; path = "cordova-plugin-splashscreen/CDVSplashScreen.h"; sourceTree = "<group>"; fileEncoding = 4; lastKnownFileType = sourcecode.c.h; explicitFileType = undefined; includeInIndex = 0; };
		1AF72ADBA98443FEA0513D07 /* CDVViewController+SplashScreen.h */ = {isa = PBXFileReference; name = "CDVViewController+SplashScreen.h"; path = "cordova-plugin-splashscreen/CDVViewController+SplashScreen.h"; sourceTree = "<group>"; fileEncoding = 4; lastKnownFileType = sourcecode.c.h; explicitFileType = undefined; includeInIndex = 0; };
		9D1D2901BDD0468F8DF0CC3F /* CDVStatusBar.m */ = {isa = PBXFileReference; name = "CDVStatusBar.m"; path = "cordova-plugin-statusbar/CDVStatusBar.m"; sourceTree = "<group>"; fileEncoding = 4; lastKnownFileType = sourcecode.c.objc; explicitFileType = undefined; includeInIndex = 0; };
		5F6CDE14765A4F09838EB80B /* CDVStatusBar.h */ = {isa = PBXFileReference; name = "CDVStatusBar.h"; path = "cordova-plugin-statusbar/CDVStatusBar.h"; sourceTree = "<group>"; fileEncoding = 4; lastKnownFileType = sourcecode.c.h; explicitFileType = undefined; includeInIndex = 0; };
		20A85977A4A947A9B4B60B97 /* CDVVibration.m */ = {isa = PBXFileReference; name = "CDVVibration.m"; path = "cordova-plugin-vibration/CDVVibration.m"; sourceTree = "<group>"; fileEncoding = 4; lastKnownFileType = sourcecode.c.objc; explicitFileType = undefined; includeInIndex = 0; };
		84638686E0E045FEA34C7376 /* CDVVibration.h */ = {isa = PBXFileReference; name = "CDVVibration.h"; path = "cordova-plugin-vibration/CDVVibration.h"; sourceTree = "<group>"; fileEncoding = 4; lastKnownFileType = sourcecode.c.h; explicitFileType = undefined; includeInIndex = 0; };
		B17DA8F8628440DCB54F9092 /* NSString+URLEncoding.m */ = {isa = PBXFileReference; name = "NSString+URLEncoding.m"; path = "cordova-plugin-x-socialsharing/NSString+URLEncoding.m"; sourceTree = "<group>"; fileEncoding = 4; lastKnownFileType = sourcecode.c.objc; explicitFileType = undefined; includeInIndex = 0; };
		15BF2A5B8857439E84D79052 /* SocialSharing.m */ = {isa = PBXFileReference; name = "SocialSharing.m"; path = "cordova-plugin-x-socialsharing/SocialSharing.m"; sourceTree = "<group>"; fileEncoding = 4; lastKnownFileType = sourcecode.c.objc; explicitFileType = undefined; includeInIndex = 0; };
		9752E8A2632D4ED3A6FDAF31 /* NSString+URLEncoding.h */ = {isa = PBXFileReference; name = "NSString+URLEncoding.h"; path = "cordova-plugin-x-socialsharing/NSString+URLEncoding.h"; sourceTree = "<group>"; fileEncoding = 4; lastKnownFileType = sourcecode.c.h; explicitFileType = undefined; includeInIndex = 0; };
		525DFAC9DEAC4061A1314E79 /* SocialSharing.h */ = {isa = PBXFileReference; name = "SocialSharing.h"; path = "cordova-plugin-x-socialsharing/SocialSharing.h"; sourceTree = "<group>"; fileEncoding = 4; lastKnownFileType = sourcecode.c.h; explicitFileType = undefined; includeInIndex = 0; };
		D1AA578883364DC89FF01181 /* Social.framework */ = {isa = PBXFileReference; name = "Social.framework"; path = "System/Library/Frameworks/Social.framework"; sourceTree = SDKROOT; fileEncoding = undefined; lastKnownFileType = wrapper.framework; explicitFileType = undefined; includeInIndex = 0; };
		C007A4B4F9D345ACBDD53CF0 /* MessageUI.framework */ = {isa = PBXFileReference; name = "MessageUI.framework"; path = "System/Library/Frameworks/MessageUI.framework"; sourceTree = SDKROOT; fileEncoding = undefined; lastKnownFileType = wrapper.framework; explicitFileType = undefined; includeInIndex = 0; };
/* End PBXFileReference section */

/* Begin PBXFrameworksBuildPhase section */
		1D60588F0D05DD3D006BFB54 /* Frameworks */ = {
			isa = PBXFrameworksBuildPhase;
			buildActionMask = 2147483647;
			files = (
				301BF552109A68D80062928A /* libCordova.a in Frameworks */,
				C85C8CC2B6C542E482B85D48 /* ImageIO.framework in Frameworks */,
				43840977C5AF4B92A9A6DB38 /* CoreLocation.framework in Frameworks */,
				20096CED189E41DAAE54E12D /* AVFoundation.framework in Frameworks */,
				704B3E20C78A40DE92363237 /* AddressBook.framework in Frameworks */,
				97787C286270469F8CB154B4 /* AddressBookUI.framework in Frameworks */,
				146D57556D8A4F3BA89C54FF /* CoreMotion.framework in Frameworks */,
				6985F22257C14FEE907467B5 /* AudioToolbox.framework in Frameworks */,
				B56D25ED5A974E32B270E865 /* SystemConfiguration.framework in Frameworks */,
				E2B3CD3A6FB940A8B942205C /* CoreTelephony.framework in Frameworks */,
				8ABD5E6E36244526A4CF7118 /* Social.framework in Frameworks */,
				BB3952A48DBF4F14BDBDC5A6 /* MessageUI.framework in Frameworks */,
			);
			runOnlyForDeploymentPostprocessing = 0;
		};
/* End PBXFrameworksBuildPhase section */

/* Begin PBXGroup section */
		080E96DDFE201D6D7F000001 /* Classes */ = {
			isa = PBXGroup;
			children = (
				302D95EE14D2391D003F00A1 /* MainViewController.h */,
				302D95EF14D2391D003F00A1 /* MainViewController.m */,
				302D95F014D2391D003F00A1 /* MainViewController.xib */,
				1D3623240D0F684500981E51 /* AppDelegate.h */,
				1D3623250D0F684500981E51 /* AppDelegate.m */,
			);
			name = Classes;
			path = "Hello World/Classes";
			sourceTree = SOURCE_ROOT;
		};
		19C28FACFE9D520D11CA2CBB /* Products */ = {
			isa = PBXGroup;
			children = (
				1D6058910D05DD3D006BFB54 /* Hello World.app */,
			);
			name = Products;
			sourceTree = "<group>";
		};
		29B97314FDCFA39411CA2CEA /* CustomTemplate */ = {
			isa = PBXGroup;
			children = (
				EB87FDF41871DAF40020F90C /* config.xml */,
				EB87FDF31871DA8E0020F90C /* www */,
				EB87FDF11871DA420020F90C /* Staging */,
				301BF52D109A57CC0062928A /* CordovaLib.xcodeproj */,
				080E96DDFE201D6D7F000001 /* Classes */,
				307C750510C5A3420062BCA9 /* Plugins */,
				29B97315FDCFA39411CA2CEA /* Other Sources */,
				29B97317FDCFA39411CA2CEA /* Resources */,
				29B97323FDCFA39411CA2CEA /* Frameworks */,
				19C28FACFE9D520D11CA2CBB /* Products */,
			);
			name = CustomTemplate;
			sourceTree = "<group>";
		};
		29B97315FDCFA39411CA2CEA /* Other Sources */ = {
			isa = PBXGroup;
			children = (
				32CA4F630368D1EE00C91783 /* Hello World-Prefix.pch */,
				29B97316FDCFA39411CA2CEA /* main.m */,
				ED33DF2A687741AEAF9F8254 /* Bridging-Header.h */,
			);
			name = "Other Sources";
			path = "Hello World";
			sourceTree = "<group>";
		};
		29B97317FDCFA39411CA2CEA /* Resources */ = {
			isa = PBXGroup;
			children = (
				0207DA571B56EA530066E2B4 /* Images.xcassets */,
				3047A50E1AB8057F00498E2A /* config */,
				8D1107310486CEB800E47090 /* Hello World-Info.plist */,
				0876BEA170EC44FE83E2FCD3 /* CDVNotification.bundle */,
				FDF24019354842F0BB5F5B65 /* CDVCapture.bundle */,
			);
			name = Resources;
			path = "Hello World/Resources";
			sourceTree = "<group>";
		};
		29B97323FDCFA39411CA2CEA /* Frameworks */ = {
			isa = PBXGroup;
			children = (
				65277F0B1A184C41B976D4DA /* ImageIO.framework */,
				B8543A17063546899B74D940 /* CoreLocation.framework */,
				5E36A1B6AB1D447A8340EE4B /* AVFoundation.framework */,
				6587A12227194F7CA501F552 /* AddressBook.framework */,
				E3D990B988BB4A80A139D4A3 /* AddressBookUI.framework */,
				0978CDBBD5D044E4BD7B46E2 /* CoreMotion.framework */,
				AC5E6F183FA943AE874A78A7 /* AudioToolbox.framework */,
				ED926150ADF74D90BA406BAA /* SystemConfiguration.framework */,
				4316A47040694EA3AFBE96A0 /* CoreTelephony.framework */,
				D1AA578883364DC89FF01181 /* Social.framework */,
				C007A4B4F9D345ACBDD53CF0 /* MessageUI.framework */,
			);
			name = Frameworks;
			sourceTree = "<group>";
		};
		301BF52E109A57CC0062928A /* Products */ = {
			isa = PBXGroup;
			children = (
				301BF535109A57CC0062928A /* libCordova.a */,
			);
			name = Products;
			sourceTree = "<group>";
		};
		3047A50E1AB8057F00498E2A /* config */ = {
			isa = PBXGroup;
			children = (
				3047A50F1AB8059700498E2A /* build-debug.xcconfig */,
				3047A5101AB8059700498E2A /* build-release.xcconfig */,
				3047A5111AB8059700498E2A /* build.xcconfig */,
			);
			name = config;
			sourceTree = "<group>";
		};
		307C750510C5A3420062BCA9 /* Plugins */ = {
			isa = PBXGroup;
			children = (
				A17B62D02D334EEFAD7286A7 /* CDVBattery.m */,
				7050F1D51E6E4936A0CDA25A /* CDVBattery.h */,
				3CB5AE419182483EA7D06242 /* UIImage+CropScaleOrientation.m */,
				94818C53AD8B44709D3ECD2F /* CDVCamera.m */,
				39A334DF2F654B5E816CA876 /* CDVJpegHeaderWriter.m */,
				660D0E7EF6E4488EBAC94711 /* UIImage+CropScaleOrientation.h */,
				F836E884E7BB42BFAA72FBD4 /* CDVCamera.h */,
				EAA4283C8AFD4EAAB99235C9 /* CDVJpegHeaderWriter.h */,
				031A230F0C67459EBA06E94C /* CDVExif.h */,
				3780EBD3A15A4804B9105129 /* CDVLogger.m */,
				2403EF320D0E4C15AF09C79E /* CDVLogger.h */,
				CCED268712CF48588A57618A /* CDVContacts.m */,
				143340B8813D4607B55B6B37 /* CDVContact.m */,
				C70B0891FD834EEDB0E90952 /* CDVContacts.h */,
				8F26E66C89124B7087C52ADE /* CDVContact.h */,
				B57343A27DE14717BA35062F /* CDVDevice.m */,
				F6B730072AFE4E63B61A727C /* CDVDevice.h */,
				1D62162C60D24D0BB25DEC07 /* CDVAccelerometer.m */,
				7E91BCD92BF84CCCBCDDC205 /* CDVAccelerometer.h */,
				174C390D696743E584BBA2A0 /* CDVCompass.m */,
				DDB8245F269049CBA77D3DDD /* CDVCompass.h */,
				5DF10B321705474DB15EC34C /* CDVNotification.m */,
				5EA5E0BEAD744BF38BA2AA7A /* CDVNotification.h */,
				F6507B5FFC584D0A89B14E05 /* CDVFile.m */,
				09AA97EFC8424CF99890F54F /* CDVLocalFilesystem.m */,
				B312314EC3784D489E08CC36 /* CDVAssetLibraryFilesystem.m */,
				D88CCB2296B54A27A1C40B06 /* CDVFile.h */,
				2ED4A5E107B44D58A8808E81 /* CDVLocalFilesystem.h */,
				CF1F4BE7E3974CDDA4D7FE0D /* CDVAssetLibraryFilesystem.h */,
				A8FFBBD6721549519B942C45 /* CDVFileTransfer.m */,
				02FF7A45F2524CD3B6C48C56 /* CDVFileTransfer.h */,
				BCBC7BC3EACE431AA57F54D8 /* CDVLocation.m */,
				48216822468B453D97B00202 /* CDVLocation.h */,
				1E4E9A3BECD14DAD910313D7 /* CDVGlobalization.m */,
				0647F689D3A54469B0A047EA /* CDVGlobalization.h */,
				FA068E71C4EA41F5A13A5609 /* CDVInAppBrowser.m */,
				0BDAAEEAC7044AB3BB1B5205 /* CDVInAppBrowser.h */,
				3166ADC5745C41C0BC5315AA /* CDVSound.m */,
				AE87E1EFD2B24EC4BC185325 /* CDVSound.h */,
				5F46B5EC39484D8EB0C41D21 /* CDVCapture.m */,
				23FFC0023B994711A0888966 /* CDVCapture.h */,
				AF4554E99A3B4006B7BFF6C5 /* CDVConnection.m */,
				0631D6E6125B4D0DBB42F642 /* CDVReachability.m */,
				D22020862A7B4B569AE6BC6C /* CDVConnection.h */,
				C374DDA3384C45279BDECEB3 /* CDVReachability.h */,
				E0263A6643C245F2B45CB3DE /* CDVSplashScreen.m */,
				01A8334179074D5AAD0E7F7E /* CDVViewController+SplashScreen.m */,
				444CB55AFE9A4CDE81FDA7A2 /* CDVSplashScreen.h */,
				1AF72ADBA98443FEA0513D07 /* CDVViewController+SplashScreen.h */,
				9D1D2901BDD0468F8DF0CC3F /* CDVStatusBar.m */,
				5F6CDE14765A4F09838EB80B /* CDVStatusBar.h */,
				20A85977A4A947A9B4B60B97 /* CDVVibration.m */,
				84638686E0E045FEA34C7376 /* CDVVibration.h */,
				B17DA8F8628440DCB54F9092 /* NSString+URLEncoding.m */,
				15BF2A5B8857439E84D79052 /* SocialSharing.m */,
				9752E8A2632D4ED3A6FDAF31 /* NSString+URLEncoding.h */,
				525DFAC9DEAC4061A1314E79 /* SocialSharing.h */,
			);
			name = Plugins;
			path = "Hello World/Plugins";
			sourceTree = SOURCE_ROOT;
		};
		EB87FDF11871DA420020F90C /* Staging */ = {
			isa = PBXGroup;
			children = (
				F840E1F0165FE0F500CFE078 /* config.xml */,
				301BF56E109A69640062928A /* www */,
			);
			name = Staging;
			sourceTree = "<group>";
		};
/* End PBXGroup section */

/* Begin PBXNativeTarget section */
		1D6058900D05DD3D006BFB54 /* Hello World */ = {
			isa = PBXNativeTarget;
			buildConfigurationList = 1D6058960D05DD3E006BFB54 /* Build configuration list for PBXNativeTarget "Hello World" */;
			buildPhases = (
				304B58A110DAC018002A0835 /* Copy www directory */,
				1D60588D0D05DD3D006BFB54 /* Resources */,
				1D60588E0D05DD3D006BFB54 /* Sources */,
				1D60588F0D05DD3D006BFB54 /* Frameworks */,
			);
			buildRules = (
			);
			dependencies = (
				301BF551109A68C00062928A /* PBXTargetDependency */,
			);
			name = "Hello World";
			productName = "Hello World";
			productReference = 1D6058910D05DD3D006BFB54 /* Hello World.app */;
			productType = "com.apple.product-type.application";
		};
/* End PBXNativeTarget section */

/* Begin PBXProject section */
		29B97313FDCFA39411CA2CEA /* Project object */ = {
			isa = PBXProject;
			attributes = {
				LastUpgradeCheck = 510;
			};
			buildConfigurationList = C01FCF4E08A954540054247B /* Build configuration list for PBXProject "__NON-CLI__" */;
			compatibilityVersion = "Xcode 3.2";
			developmentRegion = English;
			hasScannedForEncodings = 1;
			mainGroup = 29B97314FDCFA39411CA2CEA /* CustomTemplate */;
			projectDirPath = "";
			projectReferences = (
				{
					ProductGroup = 301BF52E109A57CC0062928A /* Products */;
					ProjectRef = 301BF52D109A57CC0062928A /* CordovaLib.xcodeproj */;
				},
			);
			projectRoot = "";
			targets = (
				1D6058900D05DD3D006BFB54 /* Hello World */,
			);
		};
/* End PBXProject section */

/* Begin PBXReferenceProxy section */
		301BF535109A57CC0062928A /* libCordova.a */ = {
			isa = PBXReferenceProxy;
			fileType = archive.ar;
			path = libCordova.a;
			remoteRef = 301BF534109A57CC0062928A /* PBXContainerItemProxy */;
			sourceTree = BUILT_PRODUCTS_DIR;
		};
/* End PBXReferenceProxy section */

/* Begin PBXResourcesBuildPhase section */
		1D60588D0D05DD3D006BFB54 /* Resources */ = {
			isa = PBXResourcesBuildPhase;
			buildActionMask = 2147483647;
			files = (
				302D95F214D2391D003F00A1 /* MainViewController.xib in Resources */,
				3047A5131AB8059700498E2A /* build-release.xcconfig in Resources */,
				3047A5141AB8059700498E2A /* build.xcconfig in Resources */,
				0207DA581B56EA530066E2B4 /* Images.xcassets in Resources */,
				3047A5121AB8059700498E2A /* build-debug.xcconfig in Resources */,
				568100FCDCDF4E488BDD4B7C /* CDVNotification.bundle in Resources */,
				63F91270AAA64724B14DF307 /* CDVCapture.bundle in Resources */,
			);
			runOnlyForDeploymentPostprocessing = 0;
		};
/* End PBXResourcesBuildPhase section */

/* Begin PBXShellScriptBuildPhase section */
		304B58A110DAC018002A0835 /* Copy www directory */ = {
			isa = PBXShellScriptBuildPhase;
			buildActionMask = 2147483647;
			files = (
			);
			inputPaths = (
			);
			name = "Copy www directory";
			outputPaths = (
			);
			runOnlyForDeploymentPostprocessing = 0;
			shellPath = /bin/sh;
			shellScript = "NODEJS_PATH=/usr/local/bin; NVM_NODE_PATH=~/.nvm/versions/node/`nvm version 2>/dev/null`/bin; N_NODE_PATH=`find /usr/local/n/versions/node/* -maxdepth 0 -type d 2>/dev/null | tail -1`/bin; XCODE_NODE_PATH=`xcode-select --print-path`/usr/share/xcs/Node/bin; PATH=$NODEJS_PATH:$NVM_NODE_PATH:$N_NODE_PATH:$XCODE_NODE_PATH:$PATH && node cordova/lib/copy-www-build-step.js";
			showEnvVarsInLog = 0;
		};
/* End PBXShellScriptBuildPhase section */

/* Begin PBXSourcesBuildPhase section */
		1D60588E0D05DD3D006BFB54 /* Sources */ = {
			isa = PBXSourcesBuildPhase;
			buildActionMask = 2147483647;
			files = (
				1D60589B0D05DD56006BFB54 /* main.m in Sources */,
				1D3623260D0F684500981E51 /* AppDelegate.m in Sources */,
				302D95F114D2391D003F00A1 /* MainViewController.m in Sources */,
				6D2C10EA14D84445A25C0434 /* CDVBattery.m in Sources */,
				CF58897F2A6C489DAD4EC5E5 /* UIImage+CropScaleOrientation.m in Sources */,
				1E93D24F202A46A4A5248AAA /* CDVCamera.m in Sources */,
				4B57CD60A8EE415CBE901B40 /* CDVJpegHeaderWriter.m in Sources */,
				9448A66597CE4709A0C85C23 /* CDVLogger.m in Sources */,
				4A57EDF6D1714B6FBC98C4F2 /* CDVContacts.m in Sources */,
				3D58D37E6666479FBDEFE530 /* CDVContact.m in Sources */,
				868377FB0DD94C46AB0019A2 /* CDVDevice.m in Sources */,
				0DC044ED9C784F069F6E8535 /* CDVAccelerometer.m in Sources */,
				727BA874BC70460BB0DB006F /* CDVCompass.m in Sources */,
				2287B4C3829345E98FB7661D /* CDVNotification.m in Sources */,
				A4AE51405E64481284AF7F76 /* CDVFile.m in Sources */,
				D40EFA8CE41D452CA86EDC37 /* CDVLocalFilesystem.m in Sources */,
				6F6C7C6E7C6A4AFE93034852 /* CDVAssetLibraryFilesystem.m in Sources */,
				DEEF41B1506D4789BC848BB3 /* CDVFileTransfer.m in Sources */,
				DB61D6CF96E644F5873F419C /* CDVLocation.m in Sources */,
				DF38940D06D24352B2977076 /* CDVGlobalization.m in Sources */,
				377A40A91EF9416798DAEDBC /* CDVInAppBrowser.m in Sources */,
				CD72D8B8250B443ABFFBFCA4 /* CDVSound.m in Sources */,
				552BD29ADE5F4325A3632B1B /* CDVCapture.m in Sources */,
				2A44D01D3B454CC094CBD67A /* CDVConnection.m in Sources */,
				B9249E5CA3EE4A96B9233116 /* CDVReachability.m in Sources */,
				EC158418AD314129BE96AE05 /* CDVSplashScreen.m in Sources */,
				4A8DA88F35444697951D71B2 /* CDVViewController+SplashScreen.m in Sources */,
				7BD60A6794614B89805FB22A /* CDVStatusBar.m in Sources */,
				85831E0694014C6AA995E36D /* CDVVibration.m in Sources */,
				CA5B14B763784D45BE89FDD4 /* NSString+URLEncoding.m in Sources */,
				C85FBCBD624B45139234A554 /* SocialSharing.m in Sources */,
			);
			runOnlyForDeploymentPostprocessing = 0;
		};
/* End PBXSourcesBuildPhase section */

/* Begin PBXTargetDependency section */
		301BF551109A68C00062928A /* PBXTargetDependency */ = {
			isa = PBXTargetDependency;
			name = CordovaLib;
			targetProxy = 301BF550109A68C00062928A /* PBXContainerItemProxy */;
		};
/* End PBXTargetDependency section */

/* Begin XCBuildConfiguration section */
		1D6058940D05DD3E006BFB54 /* Debug */ = {
			isa = XCBuildConfiguration;
			baseConfigurationReference = 3047A50F1AB8059700498E2A /* build-debug.xcconfig */;
			buildSettings = {
				ALWAYS_SEARCH_USER_PATHS = NO;
				ASSETCATALOG_COMPILER_APPICON_NAME = AppIcon;
				ASSETCATALOG_COMPILER_LAUNCHIMAGE_NAME = LaunchImage;
				CLANG_ENABLE_MODULES = YES;
				CLANG_ENABLE_OBJC_ARC = YES;
				COPY_PHASE_STRIP = NO;
				GCC_DYNAMIC_NO_PIC = NO;
				GCC_OPTIMIZATION_LEVEL = 0;
				GCC_PRECOMPILE_PREFIX_HEADER = YES;
				GCC_PREFIX_HEADER = "Hello World/Hello World-Prefix.pch";
				GCC_THUMB_SUPPORT = NO;
				GCC_VERSION = "";
				INFOPLIST_FILE = "Hello World/Hello World-Info.plist";
				LD_RUNPATH_SEARCH_PATHS = "@executable_path/Frameworks";
				PRODUCT_NAME = "Hello World";
			};
			name = Debug;
		};
		1D6058950D05DD3E006BFB54 /* Release */ = {
			isa = XCBuildConfiguration;
			baseConfigurationReference = 3047A5101AB8059700498E2A /* build-release.xcconfig */;
			buildSettings = {
				ALWAYS_SEARCH_USER_PATHS = NO;
				ASSETCATALOG_COMPILER_APPICON_NAME = AppIcon;
				ASSETCATALOG_COMPILER_LAUNCHIMAGE_NAME = LaunchImage;
				CLANG_ENABLE_MODULES = YES;
				CLANG_ENABLE_OBJC_ARC = YES;
				COPY_PHASE_STRIP = YES;
				GCC_PRECOMPILE_PREFIX_HEADER = YES;
				GCC_PREFIX_HEADER = "Hello World/Hello World-Prefix.pch";
				GCC_THUMB_SUPPORT = NO;
				GCC_VERSION = "";
				INFOPLIST_FILE = "Hello World/Hello World-Info.plist";
				PRODUCT_NAME = "Hello World";
			};
			name = Release;
		};
		C01FCF4F08A954540054247B /* Debug */ = {
			isa = XCBuildConfiguration;
			baseConfigurationReference = 3047A5111AB8059700498E2A /* build.xcconfig */;
			buildSettings = {
				CLANG_ENABLE_MODULES = YES;
				CLANG_ENABLE_OBJC_ARC = YES;
				CLANG_WARN_BOOL_CONVERSION = YES;
				CLANG_WARN_CONSTANT_CONVERSION = YES;
				CLANG_WARN_EMPTY_BODY = YES;
				CLANG_WARN_ENUM_CONVERSION = YES;
				CLANG_WARN_INT_CONVERSION = YES;
				CLANG_WARN__DUPLICATE_METHOD_MATCH = YES;
				GCC_C_LANGUAGE_STANDARD = c99;
				GCC_THUMB_SUPPORT = NO;
				GCC_VERSION = "";
				GCC_WARN_ABOUT_RETURN_TYPE = YES;
				GCC_WARN_UNDECLARED_SELECTOR = YES;
				GCC_WARN_UNINITIALIZED_AUTOS = YES;
				GCC_WARN_UNUSED_FUNCTION = YES;
				GCC_WARN_UNUSED_VARIABLE = YES;
				ONLY_ACTIVE_ARCH = YES;
				SDKROOT = iphoneos;
				SKIP_INSTALL = NO;
			};
			name = Debug;
		};
		C01FCF5008A954540054247B /* Release */ = {
			isa = XCBuildConfiguration;
			baseConfigurationReference = 3047A5111AB8059700498E2A /* build.xcconfig */;
			buildSettings = {
				CLANG_ENABLE_MODULES = YES;
				CLANG_ENABLE_OBJC_ARC = YES;
				CLANG_WARN_BOOL_CONVERSION = YES;
				CLANG_WARN_CONSTANT_CONVERSION = YES;
				CLANG_WARN_EMPTY_BODY = YES;
				CLANG_WARN_ENUM_CONVERSION = YES;
				CLANG_WARN_INT_CONVERSION = YES;
				CLANG_WARN__DUPLICATE_METHOD_MATCH = YES;
				GCC_C_LANGUAGE_STANDARD = c99;
				GCC_THUMB_SUPPORT = NO;
				GCC_VERSION = "";
				GCC_WARN_ABOUT_RETURN_TYPE = YES;
				GCC_WARN_UNDECLARED_SELECTOR = YES;
				GCC_WARN_UNINITIALIZED_AUTOS = YES;
				GCC_WARN_UNUSED_FUNCTION = YES;
				GCC_WARN_UNUSED_VARIABLE = YES;
				SDKROOT = iphoneos;
				SKIP_INSTALL = NO;
			};
			name = Release;
		};
/* End XCBuildConfiguration section */

/* Begin XCConfigurationList section */
		1D6058960D05DD3E006BFB54 /* Build configuration list for PBXNativeTarget "Hello World" */ = {
			isa = XCConfigurationList;
			buildConfigurations = (
				1D6058940D05DD3E006BFB54 /* Debug */,
				1D6058950D05DD3E006BFB54 /* Release */,
			);
			defaultConfigurationIsVisible = 0;
			defaultConfigurationName = Release;
		};
		C01FCF4E08A954540054247B /* Build configuration list for PBXProject "__NON-CLI__" */ = {
			isa = XCConfigurationList;
			buildConfigurations = (
				C01FCF4F08A954540054247B /* Debug */,
				C01FCF5008A954540054247B /* Release */,
			);
			defaultConfigurationIsVisible = 0;
			defaultConfigurationName = Release;
		};
/* End XCConfigurationList section */
	};
	rootObject = 29B97313FDCFA39411CA2CEA /* Project object */;
}
